
Microsoft Visual Studio Solution File, Format Version 12.00
# Visual Studio Version 17
VisualStudioVersion = 17.5.002.0
MinimumVisualStudioVersion = 10.0.40219.1
Project("{9A19103F-16F7-4668-BE54-9A1E7A4F7556}") = "ApiInventario", "ApiInventario.csproj", "{CCF0A7E4-E01C-4F8C-B46A-6251BAADA867}"
EndProject
Global
	GlobalSection(SolutionConfigurationPlatforms) = preSolution
		Debug|Any CPU = Debug|Any CPU
		Release|Any CPU = Release|Any CPU
	EndGlobalSection
	GlobalSection(ProjectConfigurationPlatforms) = postSolution
		{CCF0A7E4-E01C-4F8C-B46A-6251BAADA867}.Debug|Any CPU.ActiveCfg = Debug|Any CPU
		{CCF0A7E4-E01C-4F8C-B46A-6251BAADA867}.Debug|Any CPU.Build.0 = Debug|Any CPU
		{CCF0A7E4-E01C-4F8C-B46A-6251BAADA867}.Release|Any CPU.ActiveCfg = Release|Any CPU
		{CCF0A7E4-E01C-4F8C-B46A-6251BAADA867}.Release|Any CPU.Build.0 = Release|Any CPU
	EndGlobalSection
	GlobalSection(SolutionProperties) = preSolution
		HideSolutionNode = FALSE
	EndGlobalSection
	GlobalSection(ExtensibilityGlobals) = postSolution
		SolutionGuid = {2B53CFD4-82CB-4176-8160-6B5F9B4D2FD3}
	EndGlobalSection
EndGlobal
